// !$*UTF8*$!
{
	archiveVersion = 1;
	classes = {
	};
	objectVersion = 46;
	objects = {

/* Begin PBXBuildFile section */
		053C52091DF53BA600ADB954 /* AppDelegate.swift in Sources */ = {isa = PBXBuildFile; fileRef = 053C52081DF53BA600ADB954 /* AppDelegate.swift */; };
		053C520B1DF53BA600ADB954 /* ViewController.swift in Sources */ = {isa = PBXBuildFile; fileRef = 053C520A1DF53BA600ADB954 /* ViewController.swift */; };
		053C520E1DF53BA600ADB954 /* Main.storyboard in Resources */ = {isa = PBXBuildFile; fileRef = 053C520C1DF53BA600ADB954 /* Main.storyboard */; };
		053C52101DF53BA600ADB954 /* Assets.xcassets in Resources */ = {isa = PBXBuildFile; fileRef = 053C520F1DF53BA600ADB954 /* Assets.xcassets */; };
		053C52131DF53BA600ADB954 /* LaunchScreen.storyboard in Resources */ = {isa = PBXBuildFile; fileRef = 053C52111DF53BA600ADB954 /* LaunchScreen.storyboard */; };
		053C521E1DF53BA600ADB954 /* MailerTests.swift in Sources */ = {isa = PBXBuildFile; fileRef = 053C521D1DF53BA600ADB954 /* MailerTests.swift */; };
		053C52291DF53BA600ADB954 /* MailerUITests.swift in Sources */ = {isa = PBXBuildFile; fileRef = 053C52281DF53BA600ADB954 /* MailerUITests.swift */; };
		053C52381DF53BE900ADB954 /* MessageUI.framework in Frameworks */ = {isa = PBXBuildFile; fileRef = 053C52371DF53BE900ADB954 /* MessageUI.framework */; };
/* End PBXBuildFile section */

/* Begin PBXContainerItemProxy section */
		053C521A1DF53BA600ADB954 /* PBXContainerItemProxy */ = {
			isa = PBXContainerItemProxy;
			containerPortal = 053C51FD1DF53BA500ADB954 /* Project object */;
			proxyType = 1;
			remoteGlobalIDString = 053C52041DF53BA500ADB954;
			remoteInfo = Mailer;
		};
		053C52251DF53BA600ADB954 /* PBXContainerItemProxy */ = {
			isa = PBXContainerItemProxy;
			containerPortal = 053C51FD1DF53BA500ADB954 /* Project object */;
			proxyType = 1;
			remoteGlobalIDString = 053C52041DF53BA500ADB954;
			remoteInfo = Mailer;
		};
/* End PBXContainerItemProxy section */

/* Begin PBXFileReference section */
		053C52051DF53BA600ADB954 /* Mailer.app */ = {isa = PBXFileReference; explicitFileType = wrapper.application; includeInIndex = 0; path = Mailer.app; sourceTree = BUILT_PRODUCTS_DIR; };
		053C52081DF53BA600ADB954 /* AppDelegate.swift */ = {isa = PBXFileReference; lastKnownFileType = sourcecode.swift; path = AppDelegate.swift; sourceTree = "<group>"; };
		053C520A1DF53BA600ADB954 /* ViewController.swift */ = {isa = PBXFileReference; lastKnownFileType = sourcecode.swift; path = ViewController.swift; sourceTree = "<group>"; };
		053C520D1DF53BA600ADB954 /* Base */ = {isa = PBXFileReference; lastKnownFileType = file.storyboard; name = Base; path = Base.lproj/Main.storyboard; sourceTree = "<group>"; };
		053C520F1DF53BA600ADB954 /* Assets.xcassets */ = {isa = PBXFileReference; lastKnownFileType = folder.assetcatalog; path = Assets.xcassets; sourceTree = "<group>"; };
		053C52121DF53BA600ADB954 /* Base */ = {isa = PBXFileReference; lastKnownFileType = file.storyboard; name = Base; path = Base.lproj/LaunchScreen.storyboard; sourceTree = "<group>"; };
		053C52141DF53BA600ADB954 /* Info.plist */ = {isa = PBXFileReference; lastKnownFileType = text.plist.xml; path = Info.plist; sourceTree = "<group>"; };
		053C52191DF53BA600ADB954 /* MailerTests.xctest */ = {isa = PBXFileReference; explicitFileType = wrapper.cfbundle; includeInIndex = 0; path = MailerTests.xctest; sourceTree = BUILT_PRODUCTS_DIR; };
		053C521D1DF53BA600ADB954 /* MailerTests.swift */ = {isa = PBXFileReference; lastKnownFileType = sourcecode.swift; path = MailerTests.swift; sourceTree = "<group>"; };
		053C521F1DF53BA600ADB954 /* Info.plist */ = {isa = PBXFileReference; lastKnownFileType = text.plist.xml; path = Info.plist; sourceTree = "<group>"; };
		053C52241DF53BA600ADB954 /* MailerUITests.xctest */ = {isa = PBXFileReference; explicitFileType = wrapper.cfbundle; includeInIndex = 0; path = MailerUITests.xctest; sourceTree = BUILT_PRODUCTS_DIR; };
		053C52281DF53BA600ADB954 /* MailerUITests.swift */ = {isa = PBXFileReference; lastKnownFileType = sourcecode.swift; path = MailerUITests.swift; sourceTree = "<group>"; };
		053C522A1DF53BA600ADB954 /* Info.plist */ = {isa = PBXFileReference; lastKnownFileType = text.plist.xml; path = Info.plist; sourceTree = "<group>"; };
		053C52371DF53BE900ADB954 /* MessageUI.framework */ = {isa = PBXFileReference; lastKnownFileType = wrapper.framework; name = MessageUI.framework; path = System/Library/Frameworks/MessageUI.framework; sourceTree = SDKROOT; };
/* End PBXFileReference section */

/* Begin PBXFrameworksBuildPhase section */
		053C52021DF53BA500ADB954 /* Frameworks */ = {
			isa = PBXFrameworksBuildPhase;
			buildActionMask = 2147483647;
			files = (
				053C52381DF53BE900ADB954 /* MessageUI.framework in Frameworks */,
			);
			runOnlyForDeploymentPostprocessing = 0;
		};
		053C52161DF53BA600ADB954 /* Frameworks */ = {
			isa = PBXFrameworksBuildPhase;
			buildActionMask = 2147483647;
			files = (
			);
			runOnlyForDeploymentPostprocessing = 0;
		};
		053C52211DF53BA600ADB954 /* Frameworks */ = {
			isa = PBXFrameworksBuildPhase;
			buildActionMask = 2147483647;
			files = (
			);
			runOnlyForDeploymentPostprocessing = 0;
		};
/* End PBXFrameworksBuildPhase section */

/* Begin PBXGroup section */
		053C51FC1DF53BA500ADB954 = {
			isa = PBXGroup;
			children = (
				053C52071DF53BA600ADB954 /* Mailer */,
				053C521C1DF53BA600ADB954 /* MailerTests */,
				053C52271DF53BA600ADB954 /* MailerUITests */,
				053C52061DF53BA600ADB954 /* Products */,
				053C52361DF53BE900ADB954 /* Frameworks */,
			);
			sourceTree = "<group>";
		};
		053C52061DF53BA600ADB954 /* Products */ = {
			isa = PBXGroup;
			children = (
				053C52051DF53BA600ADB954 /* Mailer.app */,
				053C52191DF53BA600ADB954 /* MailerTests.xctest */,
				053C52241DF53BA600ADB954 /* MailerUITests.xctest */,
			);
			name = Products;
			sourceTree = "<group>";
		};
		053C52071DF53BA600ADB954 /* Mailer */ = {
			isa = PBXGroup;
			children = (
				053C52081DF53BA600ADB954 /* AppDelegate.swift */,
				053C520A1DF53BA600ADB954 /* ViewController.swift */,
				053C520C1DF53BA600ADB954 /* Main.storyboard */,
				053C520F1DF53BA600ADB954 /* Assets.xcassets */,
				053C52111DF53BA600ADB954 /* LaunchScreen.storyboard */,
				053C52141DF53BA600ADB954 /* Info.plist */,
			);
			path = Mailer;
			sourceTree = "<group>";
		};
		053C521C1DF53BA600ADB954 /* MailerTests */ = {
			isa = PBXGroup;
			children = (
				053C521D1DF53BA600ADB954 /* MailerTests.swift */,
				053C521F1DF53BA600ADB954 /* Info.plist */,
			);
			path = MailerTests;
			sourceTree = "<group>";
		};
		053C52271DF53BA600ADB954 /* MailerUITests */ = {
			isa = PBXGroup;
			children = (
				053C52281DF53BA600ADB954 /* MailerUITests.swift */,
				053C522A1DF53BA600ADB954 /* Info.plist */,
			);
			path = MailerUITests;
			sourceTree = "<group>";
		};
		053C52361DF53BE900ADB954 /* Frameworks */ = {
			isa = PBXGroup;
			children = (
				053C52371DF53BE900ADB954 /* MessageUI.framework */,
			);
			name = Frameworks;
			sourceTree = "<group>";
		};
/* End PBXGroup section */

/* Begin PBXNativeTarget section */
		053C52041DF53BA500ADB954 /* Mailer */ = {
			isa = PBXNativeTarget;
			buildConfigurationList = 053C522D1DF53BA600ADB954 /* Build configuration list for PBXNativeTarget "Mailer" */;
			buildPhases = (
				053C52011DF53BA500ADB954 /* Sources */,
				053C52021DF53BA500ADB954 /* Frameworks */,
				053C52031DF53BA500ADB954 /* Resources */,
			);
			buildRules = (
			);
			dependencies = (
			);
			name = Mailer;
			productName = Mailer;
			productReference = 053C52051DF53BA600ADB954 /* Mailer.app */;
			productType = "com.apple.product-type.application";
		};
		053C52181DF53BA600ADB954 /* MailerTests */ = {
			isa = PBXNativeTarget;
			buildConfigurationList = 053C52301DF53BA600ADB954 /* Build configuration list for PBXNativeTarget "MailerTests" */;
			buildPhases = (
				053C52151DF53BA600ADB954 /* Sources */,
				053C52161DF53BA600ADB954 /* Frameworks */,
				053C52171DF53BA600ADB954 /* Resources */,
			);
			buildRules = (
			);
			dependencies = (
				053C521B1DF53BA600ADB954 /* PBXTargetDependency */,
			);
			name = MailerTests;
			productName = MailerTests;
			productReference = 053C52191DF53BA600ADB954 /* MailerTests.xctest */;
			productType = "com.apple.product-type.bundle.unit-test";
		};
		053C52231DF53BA600ADB954 /* MailerUITests */ = {
			isa = PBXNativeTarget;
			buildConfigurationList = 053C52331DF53BA600ADB954 /* Build configuration list for PBXNativeTarget "MailerUITests" */;
			buildPhases = (
				053C52201DF53BA600ADB954 /* Sources */,
				053C52211DF53BA600ADB954 /* Frameworks */,
				053C52221DF53BA600ADB954 /* Resources */,
			);
			buildRules = (
			);
			dependencies = (
				053C52261DF53BA600ADB954 /* PBXTargetDependency */,
			);
			name = MailerUITests;
			productName = MailerUITests;
			productReference = 053C52241DF53BA600ADB954 /* MailerUITests.xctest */;
			productType = "com.apple.product-type.bundle.ui-testing";
		};
/* End PBXNativeTarget section */

/* Begin PBXProject section */
		053C51FD1DF53BA500ADB954 /* Project object */ = {
			isa = PBXProject;
			attributes = {
				LastSwiftUpdateCheck = 0810;
				LastUpgradeCheck = 0810;
				ORGANIZATIONNAME = "kikuchi wataru";
				TargetAttributes = {
					053C52041DF53BA500ADB954 = {
						CreatedOnToolsVersion = 8.1;
						DevelopmentTeam = EPD5A4Z2R4;
						ProvisioningStyle = Automatic;
					};
					053C52181DF53BA600ADB954 = {
						CreatedOnToolsVersion = 8.1;
						ProvisioningStyle = Automatic;
						TestTargetID = 053C52041DF53BA500ADB954;
					};
					053C52231DF53BA600ADB954 = {
						CreatedOnToolsVersion = 8.1;
						ProvisioningStyle = Automatic;
						TestTargetID = 053C52041DF53BA500ADB954;
					};
				};
			};
			buildConfigurationList = 053C52001DF53BA500ADB954 /* Build configuration list for PBXProject "Mailer" */;
			compatibilityVersion = "Xcode 3.2";
			developmentRegion = English;
			hasScannedForEncodings = 0;
			knownRegions = (
				en,
				Base,
			);
			mainGroup = 053C51FC1DF53BA500ADB954;
			productRefGroup = 053C52061DF53BA600ADB954 /* Products */;
			projectDirPath = "";
			projectRoot = "";
			targets = (
				053C52041DF53BA500ADB954 /* Mailer */,
				053C52181DF53BA600ADB954 /* MailerTests */,
				053C52231DF53BA600ADB954 /* MailerUITests */,
			);
		};
/* End PBXProject section */

/* Begin PBXResourcesBuildPhase section */
		053C52031DF53BA500ADB954 /* Resources */ = {
			isa = PBXResourcesBuildPhase;
			buildActionMask = 2147483647;
			files = (
				053C52131DF53BA600ADB954 /* LaunchScreen.storyboard in Resources */,
				053C52101DF53BA600ADB954 /* Assets.xcassets in Resources */,
				053C520E1DF53BA600ADB954 /* Main.storyboard in Resources */,
			);
			runOnlyForDeploymentPostprocessing = 0;
		};
		053C52171DF53BA600ADB954 /* Resources */ = {
			isa = PBXResourcesBuildPhase;
			buildActionMask = 2147483647;
			files = (
			);
			runOnlyForDeploymentPostprocessing = 0;
		};
		053C52221DF53BA600ADB954 /* Resources */ = {
			isa = PBXResourcesBuildPhase;
			buildActionMask = 2147483647;
			files = (
			);
			runOnlyForDeploymentPostprocessing = 0;
		};
/* End PBXResourcesBuildPhase section */

/* Begin PBXSourcesBuildPhase section */
		053C52011DF53BA500ADB954 /* Sources */ = {
			isa = PBXSourcesBuildPhase;
			buildActionMask = 2147483647;
			files = (
				053C520B1DF53BA600ADB954 /* ViewController.swift in Sources */,
				053C52091DF53BA600ADB954 /* AppDelegate.swift in Sources */,
			);
			runOnlyForDeploymentPostprocessing = 0;
		};
		053C52151DF53BA600ADB954 /* Sources */ = {
			isa = PBXSourcesBuildPhase;
			buildActionMask = 2147483647;
			files = (
				053C521E1DF53BA600ADB954 /* MailerTests.swift in Sources */,
			);
			runOnlyForDeploymentPostprocessing = 0;
		};
		053C52201DF53BA600ADB954 /* Sources */ = {
			isa = PBXSourcesBuildPhase;
			buildActionMask = 2147483647;
			files = (
				053C52291DF53BA600ADB954 /* MailerUITests.swift in Sources */,
			);
			runOnlyForDeploymentPostprocessing = 0;
		};
/* End PBXSourcesBuildPhase section */

/* Begin PBXTargetDependency section */
		053C521B1DF53BA600ADB954 /* PBXTargetDependency */ = {
			isa = PBXTargetDependency;
			target = 053C52041DF53BA500ADB954 /* Mailer */;
			targetProxy = 053C521A1DF53BA600ADB954 /* PBXContainerItemProxy */;
		};
		053C52261DF53BA600ADB954 /* PBXTargetDependency */ = {
			isa = PBXTargetDependency;
			target = 053C52041DF53BA500ADB954 /* Mailer */;
			targetProxy = 053C52251DF53BA600ADB954 /* PBXContainerItemProxy */;
		};
/* End PBXTargetDependency section */

/* Begin PBXVariantGroup section */
		053C520C1DF53BA600ADB954 /* Main.storyboard */ = {
			isa = PBXVariantGroup;
			children = (
				053C520D1DF53BA600ADB954 /* Base */,
			);
			name = Main.storyboard;
			sourceTree = "<group>";
		};
		053C52111DF53BA600ADB954 /* LaunchScreen.storyboard */ = {
			isa = PBXVariantGroup;
			children = (
				053C52121DF53BA600ADB954 /* Base */,
			);
			name = LaunchScreen.storyboard;
			sourceTree = "<group>";
		};
/* End PBXVariantGroup section */

/* Begin XCBuildConfiguration section */
		053C522B1DF53BA600ADB954 /* Debug */ = {
			isa = XCBuildConfiguration;
			buildSettings = {
				ALWAYS_SEARCH_USER_PATHS = NO;
				CLANG_ANALYZER_NONNULL = YES;
				CLANG_CXX_LANGUAGE_STANDARD = "gnu++0x";
				CLANG_CXX_LIBRARY = "libc++";
				CLANG_ENABLE_MODULES = YES;
				CLANG_ENABLE_OBJC_ARC = YES;
				CLANG_WARN_BOOL_CONVERSION = YES;
				CLANG_WARN_CONSTANT_CONVERSION = YES;
				CLANG_WARN_DIRECT_OBJC_ISA_USAGE = YES_ERROR;
				CLANG_WARN_DOCUMENTATION_COMMENTS = YES;
				CLANG_WARN_EMPTY_BODY = YES;
				CLANG_WARN_ENUM_CONVERSION = YES;
				CLANG_WARN_INFINITE_RECURSION = YES;
				CLANG_WARN_INT_CONVERSION = YES;
				CLANG_WARN_OBJC_ROOT_CLASS = YES_ERROR;
				CLANG_WARN_SUSPICIOUS_MOVES = YES;
				CLANG_WARN_UNREACHABLE_CODE = YES;
				CLANG_WARN__DUPLICATE_METHOD_MATCH = YES;
				"CODE_SIGN_IDENTITY[sdk=iphoneos*]" = "iPhone Developer";
				COPY_PHASE_STRIP = NO;
				DEBUG_INFORMATION_FORMAT = dwarf;
				ENABLE_STRICT_OBJC_MSGSEND = YES;
				ENABLE_TESTABILITY = YES;
				GCC_C_LANGUAGE_STANDARD = gnu99;
				GCC_DYNAMIC_NO_PIC = NO;
				GCC_NO_COMMON_BLOCKS = YES;
				GCC_OPTIMIZATION_LEVEL = 0;
				GCC_PREPROCESSOR_DEFINITIONS = (
					"DEBUG=1",
					"$(inherited)",
				);
				GCC_WARN_64_TO_32_BIT_CONVERSION = YES;
				GCC_WARN_ABOUT_RETURN_TYPE = YES_ERROR;
				GCC_WARN_UNDECLARED_SELECTOR = YES;
				GCC_WARN_UNINITIALIZED_AUTOS = YES_AGGRESSIVE;
				GCC_WARN_UNUSED_FUNCTION = YES;
				GCC_WARN_UNUSED_VARIABLE = YES;
				IPHONEOS_DEPLOYMENT_TARGET = 10.1;
				MTL_ENABLE_DEBUG_INFO = YES;
				ONLY_ACTIVE_ARCH = YES;
				SDKROOT = iphoneos;
				SWIFT_ACTIVE_COMPILATION_CONDITIONS = DEBUG;
				SWIFT_OPTIMIZATION_LEVEL = "-Onone";
			};
			name = Debug;
		};
		053C522C1DF53BA600ADB954 /* Release */ = {
			isa = XCBuildConfiguration;
			buildSettings = {
				ALWAYS_SEARCH_USER_PATHS = NO;
				CLANG_ANALYZER_NONNULL = YES;
				CLANG_CXX_LANGUAGE_STANDARD = "gnu++0x";
				CLANG_CXX_LIBRARY = "libc++";
				CLANG_ENABLE_MODULES = YES;
				CLANG_ENABLE_OBJC_ARC = YES;
				CLANG_WARN_BOOL_CONVERSION = YES;
				CLANG_WARN_CONSTANT_CONVERSION = YES;
				CLANG_WARN_DIRECT_OBJC_ISA_USAGE = YES_ERROR;
				CLANG_WARN_DOCUMENTATION_COMMENTS = YES;
				CLANG_WARN_EMPTY_BODY = YES;
				CLANG_WARN_ENUM_CONVERSION = YES;
				CLANG_WARN_INFINITE_RECURSION = YES;
				CLANG_WARN_INT_CONVERSION = YES;
				CLANG_WARN_OBJC_ROOT_CLASS = YES_ERROR;
				CLANG_WARN_SUSPICIOUS_MOVES = YES;
				CLANG_WARN_UNREACHABLE_CODE = YES;
				CLANG_WARN__DUPLICATE_METHOD_MATCH = YES;
				"CODE_SIGN_IDENTITY[sdk=iphoneos*]" = "iPhone Developer";
				COPY_PHASE_STRIP = NO;
				DEBUG_INFORMATION_FORMAT = "dwarf-with-dsym";
				ENABLE_NS_ASSERTIONS = NO;
				ENABLE_STRICT_OBJC_MSGSEND = YES;
				GCC_C_LANGUAGE_STANDARD = gnu99;
				GCC_NO_COMMON_BLOCKS = YES;
				GCC_WARN_64_TO_32_BIT_CONVERSION = YES;
				GCC_WARN_ABOUT_RETURN_TYPE = YES_ERROR;
				GCC_WARN_UNDECLARED_SELECTOR = YES;
				GCC_WARN_UNINITIALIZED_AUTOS = YES_AGGRESSIVE;
				GCC_WARN_UNUSED_FUNCTION = YES;
				GCC_WARN_UNUSED_VARIABLE = YES;
				IPHONEOS_DEPLOYMENT_TARGET = 10.1;
				MTL_ENABLE_DEBUG_INFO = NO;
				SDKROOT = iphoneos;
				SWIFT_OPTIMIZATION_LEVEL = "-Owholemodule";
				VALIDATE_PRODUCT = YES;
			};
			name = Release;
		};
		053C522E1DF53BA600ADB954 /* Debug */ = {
			isa = XCBuildConfiguration;
			buildSettings = {
				ASSETCATALOG_COMPILER_APPICON_NAME = AppIcon;
				DEVELOPMENT_TEAM = EPD5A4Z2R4;
				INFOPLIST_FILE = Mailer/Info.plist;
				LD_RUNPATH_SEARCH_PATHS = "$(inherited) @executable_path/Frameworks";
				PRODUCT_BUNDLE_IDENTIFIER = kikuchi.wataru;
				PRODUCT_NAME = "$(TARGET_NAME)";
				SWIFT_VERSION = 3.0;
			};
			name = Debug;
		};
		053C522F1DF53BA600ADB954 /* Release */ = {
			isa = XCBuildConfiguration;
			buildSettings = {
				ASSETCATALOG_COMPILER_APPICON_NAME = AppIcon;
				DEVELOPMENT_TEAM = EPD5A4Z2R4;
				INFOPLIST_FILE = Mailer/Info.plist;
				LD_RUNPATH_SEARCH_PATHS = "$(inherited) @executable_path/Frameworks";
				PRODUCT_BUNDLE_IDENTIFIER = kikuchi.wataru;
				PRODUCT_NAME = "$(TARGET_NAME)";
				SWIFT_VERSION = 3.0;
			};
			name = Release;
		};
		053C52311DF53BA600ADB954 /* Debug */ = {
			isa = XCBuildConfiguration;
			buildSettings = {
				ALWAYS_EMBED_SWIFT_STANDARD_LIBRARIES = YES;
				BUNDLE_LOADER = "$(TEST_HOST)";
				INFOPLIST_FILE = MailerTests/Info.plist;
				LD_RUNPATH_SEARCH_PATHS = "$(inherited) @executable_path/Frameworks @loader_path/Frameworks";
				PRODUCT_BUNDLE_IDENTIFIER = kikuchi.MailerTests;
				PRODUCT_NAME = "$(TARGET_NAME)";
				SWIFT_VERSION = 3.0;
				TEST_HOST = "$(BUILT_PRODUCTS_DIR)/Mailer.app/Mailer";
			};
			name = Debug;
		};
		053C52321DF53BA600ADB954 /* Release */ = {
			isa = XCBuildConfiguration;
			buildSettings = {
				ALWAYS_EMBED_SWIFT_STANDARD_LIBRARIES = YES;
				BUNDLE_LOADER = "$(TEST_HOST)";
				INFOPLIST_FILE = MailerTests/Info.plist;
				LD_RUNPATH_SEARCH_PATHS = "$(inherited) @executable_path/Frameworks @loader_path/Frameworks";
				PRODUCT_BUNDLE_IDENTIFIER = kikuchi.MailerTests;
				PRODUCT_NAME = "$(TARGET_NAME)";
				SWIFT_VERSION = 3.0;
				TEST_HOST = "$(BUILT_PRODUCTS_DIR)/Mailer.app/Mailer";
			};
			name = Release;
		};
		053C52341DF53BA600ADB954 /* Debug */ = {
			isa = XCBuildConfiguration;
			buildSettings = {
				ALWAYS_EMBED_SWIFT_STANDARD_LIBRARIES = YES;
				INFOPLIST_FILE = MailerUITests/Info.plist;
				LD_RUNPATH_SEARCH_PATHS = "$(inherited) @executable_path/Frameworks @loader_path/Frameworks";
				PRODUCT_BUNDLE_IDENTIFIER = kikuchi.MailerUITests;
				PRODUCT_NAME = "$(TARGET_NAME)";
				SWIFT_VERSION = 3.0;
				TEST_TARGET_NAME = Mailer;
			};
			name = Debug;
		};
		053C52351DF53BA600ADB954 /* Release */ = {
			isa = XCBuildConfiguration;
			buildSettings = {
				ALWAYS_EMBED_SWIFT_STANDARD_LIBRARIES = YES;
				INFOPLIST_FILE = MailerUITests/Info.plist;
				LD_RUNPATH_SEARCH_PATHS = "$(inherited) @executable_path/Frameworks @loader_path/Frameworks";
				PRODUCT_BUNDLE_IDENTIFIER = kikuchi.MailerUITests;
				PRODUCT_NAME = "$(TARGET_NAME)";
				SWIFT_VERSION = 3.0;
				TEST_TARGET_NAME = Mailer;
			};
			name = Release;
		};
/* End XCBuildConfiguration section */

/* Begin XCConfigurationList section */
		053C52001DF53BA500ADB954 /* Build configuration list for PBXProject "Mailer" */ = {
			isa = XCConfigurationList;
			buildConfigurations = (
				053C522B1DF53BA600ADB954 /* Debug */,
				053C522C1DF53BA600ADB954 /* Release */,
			);
			defaultConfigurationIsVisible = 0;
			defaultConfigurationName = Release;
		};
		053C522D1DF53BA600ADB954 /* Build configuration list for PBXNativeTarget "Mailer" */ = {
			isa = XCConfigurationList;
			buildConfigurations = (
				053C522E1DF53BA600ADB954 /* Debug */,
				053C522F1DF53BA600ADB954 /* Release */,
			);
			defaultConfigurationIsVisible = 0;
			defaultConfigurationName = Release;
		};
		053C52301DF53BA600ADB954 /* Build configuration list for PBXNativeTarget "MailerTests" */ = {
			isa = XCConfigurationList;
			buildConfigurations = (
				053C52311DF53BA600ADB954 /* Debug */,
				053C52321DF53BA600ADB954 /* Release */,
			);
			defaultConfigurationIsVisible = 0;
			defaultConfigurationName = Release;
		};
		053C52331DF53BA600ADB954 /* Build configuration list for PBXNativeTarget "MailerUITests" */ = {
			isa = XCConfigurationList;
			buildConfigurations = (
				053C52341DF53BA600ADB954 /* Debug */,
				053C52351DF53BA600ADB954 /* Release */,
			);
			defaultConfigurationIsVisible = 0;
			defaultConfigurationName = Release;
		};
/* End XCConfigurationList section */
	};
	rootObject = 053C51FD1DF53BA500ADB954 /* Project object */;
}
